# THIS IS AN AUTOGENERATED FILE. DO NOT EDIT THIS FILE DIRECTLY.
# yarn lockfile v1


"@stagg/api@^0.0.5":
  version "0.0.5"
  resolved "https://registry.yarnpkg.com/@stagg/api/-/api-0.0.5.tgz#640b5962f2f8c6e67e5fecbea5104b92f41eebc9"
  integrity sha512-UesTGmfs4C3rghaGDk8hT2+wXaxJRcV7jbPXPPxBuoDJbcXn23Njx5boGuUydGMTP7hIEQv86HoNUnofeYzD+A==
